
Microsoft Visual Studio Solution File, Format Version 12.00
# Visual Studio Version 17
VisualStudioVersion = 17.1.32210.238
MinimumVisualStudioVersion = 10.0.40219.1
Project("{9A19103F-16F7-4668-BE54-9A1E7A4F7556}") = "Rabbitmq.publisher", "Rabbitmq.publisher\Rabbitmq.publisher.csproj", "{7D636770-1BF2-4748-8229-04DFEE51B1A2}"
EndProject
Project("{9A19103F-16F7-4668-BE54-9A1E7A4F7556}") = "Rabbitmq.subscriber", "Rabbitmq.subscriber\Rabbitmq.subscriber.csproj", "{3B7E183A-E677-4B8D-B547-79A4CB1420A8}"
EndProject
Project("{9A19103F-16F7-4668-BE54-9A1E7A4F7556}") = "Shared", "Shared\Shared.csproj", "{814BEFB7-4C28-4096-B538-92D7AEB1F02D}"
EndProject
Project("{FAE04EC0-301F-11D3-BF4B-00C04F79EFBC}") = "RabbitMQWeb.Watermark", "RabbitMQWeb.Watermark\RabbitMQWeb.Watermark.csproj", "{DBCB9189-6EB7-4AF6-B382-7EB4EC98DDD0}"
EndProject
Global
	GlobalSection(SolutionConfigurationPlatforms) = preSolution
		Debug|Any CPU = Debug|Any CPU
		Release|Any CPU = Release|Any CPU
	EndGlobalSection
	GlobalSection(ProjectConfigurationPlatforms) = postSolution
		{7D636770-1BF2-4748-8229-04DFEE51B1A2}.Debug|Any CPU.ActiveCfg = Debug|Any CPU
		{7D636770-1BF2-4748-8229-04DFEE51B1A2}.Debug|Any CPU.Build.0 = Debug|Any CPU
		{7D636770-1BF2-4748-8229-04DFEE51B1A2}.Release|Any CPU.ActiveCfg = Release|Any CPU
		{7D636770-1BF2-4748-8229-04DFEE51B1A2}.Release|Any CPU.Build.0 = Release|Any CPU
		{3B7E183A-E677-4B8D-B547-79A4CB1420A8}.Debug|Any CPU.ActiveCfg = Debug|Any CPU
		{3B7E183A-E677-4B8D-B547-79A4CB1420A8}.Debug|Any CPU.Build.0 = Debug|Any CPU
		{3B7E183A-E677-4B8D-B547-79A4CB1420A8}.Release|Any CPU.ActiveCfg = Release|Any CPU
		{3B7E183A-E677-4B8D-B547-79A4CB1420A8}.Release|Any CPU.Build.0 = Release|Any CPU
		{814BEFB7-4C28-4096-B538-92D7AEB1F02D}.Debug|Any CPU.ActiveCfg = Debug|Any CPU
		{814BEFB7-4C28-4096-B538-92D7AEB1F02D}.Debug|Any CPU.Build.0 = Debug|Any CPU
		{814BEFB7-4C28-4096-B538-92D7AEB1F02D}.Release|Any CPU.ActiveCfg = Release|Any CPU
		{814BEFB7-4C28-4096-B538-92D7AEB1F02D}.Release|Any CPU.Build.0 = Release|Any CPU
		{DBCB9189-6EB7-4AF6-B382-7EB4EC98DDD0}.Debug|Any CPU.ActiveCfg = Debug|Any CPU
		{DBCB9189-6EB7-4AF6-B382-7EB4EC98DDD0}.Debug|Any CPU.Build.0 = Debug|Any CPU
		{DBCB9189-6EB7-4AF6-B382-7EB4EC98DDD0}.Release|Any CPU.ActiveCfg = Release|Any CPU
		{DBCB9189-6EB7-4AF6-B382-7EB4EC98DDD0}.Release|Any CPU.Build.0 = Release|Any CPU
	EndGlobalSection
	GlobalSection(SolutionProperties) = preSolution
		HideSolutionNode = FALSE
	EndGlobalSection
	GlobalSection(ExtensibilityGlobals) = postSolution
		SolutionGuid = {969EE946-2347-4CF4-9C0A-2F7DE383D958}
	EndGlobalSection
EndGlobal
